Microsoft Visual Studio Solution File, Format Version 12.00
# Visual Studio Version 17
VisualStudioVersion = 17.5.2.0
MinimumVisualStudioVersion = 10.0.40219.1
Project("{FAE04EC0-301F-11D3-BF4B-00C04F79EFBC}") = "SDC320L_Project-1", "SDC320L_Project-1.csproj", "{C9ABC223-5928-8199-5C40-30D2E3C021FF}"
EndProject
Global
	GlobalSection(SolutionConfigurationPlatforms) = preSolution
		Debug|Any CPU = Debug|Any CPU
		Release|Any CPU = Release|Any CPU
	EndGlobalSection
	GlobalSection(ProjectConfigurationPlatforms) = postSolution
		{C9ABC223-5928-8199-5C40-30D2E3C021FF}.Debug|Any CPU.ActiveCfg = Debug|Any CPU
		{C9ABC223-5928-8199-5C40-30D2E3C021FF}.Debug|Any CPU.Build.0 = Debug|Any CPU
		{C9ABC223-5928-8199-5C40-30D2E3C021FF}.Release|Any CPU.ActiveCfg = Release|Any CPU
		{C9ABC223-5928-8199-5C40-30D2E3C021FF}.Release|Any CPU.Build.0 = Release|Any CPU
	EndGlobalSection
	GlobalSection(SolutionProperties) = preSolution
		HideSolutionNode = FALSE
	EndGlobalSection
	GlobalSection(ExtensibilityGlobals) = postSolution
		SolutionGuid = {F6AA1DB6-35DE-4B98-AF78-F7108F7AE373}
	EndGlobalSection
EndGlobal
